
Microsoft Visual Studio Solution File, Format Version 12.00
# Visual Studio Version 17
VisualStudioVersion = 17.14.36109.1 d17.14
MinimumVisualStudioVersion = 10.0.40219.1
Project("{FAE04EC0-301F-11D3-BF4B-00C04F79EFBC}") = "tp 20", "tp 20\tp 20.csproj", "{89306CCF-E69D-4FDC-96D0-1E00C4485F33}"
EndProject
Global
	GlobalSection(SolutionConfigurationPlatforms) = preSolution
		Debug|Any CPU = Debug|Any CPU
		Release|Any CPU = Release|Any CPU
	EndGlobalSection
	GlobalSection(ProjectConfigurationPlatforms) = postSolution
		{89306CCF-E69D-4FDC-96D0-1E00C4485F33}.Debug|Any CPU.ActiveCfg = Debug|Any CPU
		{89306CCF-E69D-4FDC-96D0-1E00C4485F33}.Debug|Any CPU.Build.0 = Debug|Any CPU
		{89306CCF-E69D-4FDC-96D0-1E00C4485F33}.Release|Any CPU.ActiveCfg = Release|Any CPU
		{89306CCF-E69D-4FDC-96D0-1E00C4485F33}.Release|Any CPU.Build.0 = Release|Any CPU
	EndGlobalSection
	GlobalSection(SolutionProperties) = preSolution
		HideSolutionNode = FALSE
	EndGlobalSection
	GlobalSection(ExtensibilityGlobals) = postSolution
		SolutionGuid = {C97D68B3-7C19-4AF3-BC48-364496755018}
	EndGlobalSection
EndGlobal
